{
  "name": "npm",
  "version": "1.0.0",
  "lockfileVersion": 1,
  "requires": true,
  "dependencies": {
    "dynamsoft-javascript-barcode": {
      "version": "7.2.3-v2",
      "resolved": "https://www.myget.org/F/dynamsoft/npm/dynamsoft-javascript-barcode/-/dynamsoft-javascript-barcode-7.2.3-v2.tgz",
      "integrity": "sha1-ZW2EYyn7XCW+doBKwMqDcnAX9ec="
    }
  }
}
